
Microsoft Visual Studio Solution File, Format Version 12.00
# Visual Studio Version 16
VisualStudioVersion = 16.0.28803.202
MinimumVisualStudioVersion = 15.0.26124.0
Project("{9A19103F-16F7-4668-BE54-9A1E7A4F7556}") = "DiplomaDemo.NetStandard", "DiplomaDemo.NetStandard\DiplomaDemo.NetStandard.csproj", "{59CFF466-A123-4294-834C-AAB4B593D06C}"
EndProject
Project("{9A19103F-16F7-4668-BE54-9A1E7A4F7556}") = "DiplomaDemo.DotVVM", "DiplomaDemo.DotVVM\DiplomaDemo.DotVVM.csproj", "{9F5840AC-087A-4F30-AC7E-B6359E5C1355}"
EndProject
Global
	GlobalSection(SolutionConfigurationPlatforms) = preSolution
		Debug|Any CPU = Debug|Any CPU
		Debug|x64 = Debug|x64
		Debug|x86 = Debug|x86
		Release|Any CPU = Release|Any CPU
		Release|x64 = Release|x64
		Release|x86 = Release|x86
	EndGlobalSection
	GlobalSection(ProjectConfigurationPlatforms) = postSolution
		{59CFF466-A123-4294-834C-AAB4B593D06C}.Debug|Any CPU.ActiveCfg = Debug|Any CPU
		{59CFF466-A123-4294-834C-AAB4B593D06C}.Debug|Any CPU.Build.0 = Debug|Any CPU
		{59CFF466-A123-4294-834C-AAB4B593D06C}.Debug|x64.ActiveCfg = Debug|Any CPU
		{59CFF466-A123-4294-834C-AAB4B593D06C}.Debug|x64.Build.0 = Debug|Any CPU
		{59CFF466-A123-4294-834C-AAB4B593D06C}.Debug|x86.ActiveCfg = Debug|Any CPU
		{59CFF466-A123-4294-834C-AAB4B593D06C}.Debug|x86.Build.0 = Debug|Any CPU
		{59CFF466-A123-4294-834C-AAB4B593D06C}.Release|Any CPU.ActiveCfg = Release|Any CPU
		{59CFF466-A123-4294-834C-AAB4B593D06C}.Release|Any CPU.Build.0 = Release|Any CPU
		{59CFF466-A123-4294-834C-AAB4B593D06C}.Release|x64.ActiveCfg = Release|Any CPU
		{59CFF466-A123-4294-834C-AAB4B593D06C}.Release|x64.Build.0 = Release|Any CPU
		{59CFF466-A123-4294-834C-AAB4B593D06C}.Release|x86.ActiveCfg = Release|Any CPU
		{59CFF466-A123-4294-834C-AAB4B593D06C}.Release|x86.Build.0 = Release|Any CPU
		{9F5840AC-087A-4F30-AC7E-B6359E5C1355}.Debug|Any CPU.ActiveCfg = Debug|Any CPU
		{9F5840AC-087A-4F30-AC7E-B6359E5C1355}.Debug|Any CPU.Build.0 = Debug|Any CPU
		{9F5840AC-087A-4F30-AC7E-B6359E5C1355}.Debug|x64.ActiveCfg = Debug|Any CPU
		{9F5840AC-087A-4F30-AC7E-B6359E5C1355}.Debug|x64.Build.0 = Debug|Any CPU
		{9F5840AC-087A-4F30-AC7E-B6359E5C1355}.Debug|x86.ActiveCfg = Debug|Any CPU
		{9F5840AC-087A-4F30-AC7E-B6359E5C1355}.Debug|x86.Build.0 = Debug|Any CPU
		{9F5840AC-087A-4F30-AC7E-B6359E5C1355}.Release|Any CPU.ActiveCfg = Release|Any CPU
		{9F5840AC-087A-4F30-AC7E-B6359E5C1355}.Release|Any CPU.Build.0 = Release|Any CPU
		{9F5840AC-087A-4F30-AC7E-B6359E5C1355}.Release|x64.ActiveCfg = Release|Any CPU
		{9F5840AC-087A-4F30-AC7E-B6359E5C1355}.Release|x64.Build.0 = Release|Any CPU
		{9F5840AC-087A-4F30-AC7E-B6359E5C1355}.Release|x86.ActiveCfg = Release|Any CPU
		{9F5840AC-087A-4F30-AC7E-B6359E5C1355}.Release|x86.Build.0 = Release|Any CPU
	EndGlobalSection
	GlobalSection(SolutionProperties) = preSolution
		HideSolutionNode = FALSE
	EndGlobalSection
	GlobalSection(ExtensibilityGlobals) = postSolution
		SolutionGuid = {CF79F7C7-B7FC-4C61-A4D8-44AC875BE5E7}
	EndGlobalSection
EndGlobal
